
Microsoft Visual Studio Solution File, Format Version 12.00
# Visual Studio 15
VisualStudioVersion = 15.0.28307.539
MinimumVisualStudioVersion = 10.0.40219.1
Project("{FAE04EC0-301F-11D3-BF4B-00C04F79EFBC}") = "EmpInfo", "EmpInfo\EmpInfo.csproj", "{420B44DD-0D70-4297-9B77-45B45C84CCBE}"
EndProject
Project("{FAE04EC0-301F-11D3-BF4B-00C04F79EFBC}") = "EmpInformation", "EmpInformation\EmpInformation.csproj", "{A2ED9B03-7B8C-44EA-B48F-1D7F2747A9E6}"
EndProject
Global
	GlobalSection(SolutionConfigurationPlatforms) = preSolution
		Debug|Any CPU = Debug|Any CPU
		Release|Any CPU = Release|Any CPU
	EndGlobalSection
	GlobalSection(ProjectConfigurationPlatforms) = postSolution
		{420B44DD-0D70-4297-9B77-45B45C84CCBE}.Debug|Any CPU.ActiveCfg = Debug|Any CPU
		{420B44DD-0D70-4297-9B77-45B45C84CCBE}.Debug|Any CPU.Build.0 = Debug|Any CPU
		{420B44DD-0D70-4297-9B77-45B45C84CCBE}.Release|Any CPU.ActiveCfg = Release|Any CPU
		{420B44DD-0D70-4297-9B77-45B45C84CCBE}.Release|Any CPU.Build.0 = Release|Any CPU
		{A2ED9B03-7B8C-44EA-B48F-1D7F2747A9E6}.Debug|Any CPU.ActiveCfg = Debug|Any CPU
		{A2ED9B03-7B8C-44EA-B48F-1D7F2747A9E6}.Debug|Any CPU.Build.0 = Debug|Any CPU
		{A2ED9B03-7B8C-44EA-B48F-1D7F2747A9E6}.Release|Any CPU.ActiveCfg = Release|Any CPU
		{A2ED9B03-7B8C-44EA-B48F-1D7F2747A9E6}.Release|Any CPU.Build.0 = Release|Any CPU
	EndGlobalSection
	GlobalSection(SolutionProperties) = preSolution
		HideSolutionNode = FALSE
	EndGlobalSection
	GlobalSection(ExtensibilityGlobals) = postSolution
		SolutionGuid = {709A3376-325C-424A-818A-E4F709AB82E8}
	EndGlobalSection
EndGlobal
